// !$*UTF8*$!
{
	archiveVersion = 1;
	classes = {
	};
	objectVersion = 46;
	objects = {

/* Begin PBXBuildFile section */
		9C5F1C3E1A30063600579731 /* main.m in Sources */ = {isa = PBXBuildFile; fileRef = 9C5F1C3D1A30063600579731 /* main.m */; };
		9C5F1C411A30063600579731 /* AppDelegate.m in Sources */ = {isa = PBXBuildFile; fileRef = 9C5F1C401A30063600579731 /* AppDelegate.m */; };
		9C5F1C441A30063600579731 /* ViewController.m in Sources */ = {isa = PBXBuildFile; fileRef = 9C5F1C431A30063600579731 /* ViewController.m */; };
		9C5F1C471A30063600579731 /* Main.storyboard in Resources */ = {isa = PBXBuildFile; fileRef = 9C5F1C451A30063600579731 /* Main.storyboard */; };
		9C5F1C491A30063600579731 /* Images.xcassets in Resources */ = {isa = PBXBuildFile; fileRef = 9C5F1C481A30063600579731 /* Images.xcassets */; };
		9C5F1C4C1A30063600579731 /* LaunchScreen.xib in Resources */ = {isa = PBXBuildFile; fileRef = 9C5F1C4A1A30063600579731 /* LaunchScreen.xib */; };
		9C5F1C581A30063600579731 /* SingletonTests.m in Sources */ = {isa = PBXBuildFile; fileRef = 9C5F1C571A30063600579731 /* SingletonTests.m */; };
		9C5F1C631A30068400579731 /* MainSingleton.m in Sources */ = {isa = PBXBuildFile; fileRef = 9C5F1C621A30068400579731 /* MainSingleton.m */; };
		9C5F1C6B1A30864B00579731 /* SecondViewController.m in Sources */ = {isa = PBXBuildFile; fileRef = 9C5F1C6A1A30864B00579731 /* SecondViewController.m */; };
/* End PBXBuildFile section */

/* Begin PBXContainerItemProxy section */
		9C5F1C521A30063600579731 /* PBXContainerItemProxy */ = {
			isa = PBXContainerItemProxy;
			containerPortal = 9C5F1C301A30063600579731 /* Project object */;
			proxyType = 1;
			remoteGlobalIDString = 9C5F1C371A30063600579731;
			remoteInfo = Singleton;
		};
/* End PBXContainerItemProxy section */

/* Begin PBXFileReference section */
		9C5F1C381A30063600579731 /* Singleton.app */ = {isa = PBXFileReference; explicitFileType = wrapper.application; includeInIndex = 0; path = Singleton.app; sourceTree = BUILT_PRODUCTS_DIR; };
		9C5F1C3C1A30063600579731 /* Info.plist */ = {isa = PBXFileReference; lastKnownFileType = text.plist.xml; path = Info.plist; sourceTree = "<group>"; };
		9C5F1C3D1A30063600579731 /* main.m */ = {isa = PBXFileReference; lastKnownFileType = sourcecode.c.objc; path = main.m; sourceTree = "<group>"; };
		9C5F1C3F1A30063600579731 /* AppDelegate.h */ = {isa = PBXFileReference; lastKnownFileType = sourcecode.c.h; path = AppDelegate.h; sourceTree = "<group>"; };
		9C5F1C401A30063600579731 /* AppDelegate.m */ = {isa = PBXFileReference; lastKnownFileType = sourcecode.c.objc; path = AppDelegate.m; sourceTree = "<group>"; };
		9C5F1C421A30063600579731 /* ViewController.h */ = {isa = PBXFileReference; lastKnownFileType = sourcecode.c.h; path = ViewController.h; sourceTree = "<group>"; };
		9C5F1C431A30063600579731 /* ViewController.m */ = {isa = PBXFileReference; lastKnownFileType = sourcecode.c.objc; path = ViewController.m; sourceTree = "<group>"; };
		9C5F1C461A30063600579731 /* Base */ = {isa = PBXFileReference; lastKnownFileType = file.storyboard; name = Base; path = Base.lproj/Main.storyboard; sourceTree = "<group>"; };
		9C5F1C481A30063600579731 /* Images.xcassets */ = {isa = PBXFileReference; lastKnownFileType = folder.assetcatalog; path = Images.xcassets; sourceTree = "<group>"; };
		9C5F1C4B1A30063600579731 /* Base */ = {isa = PBXFileReference; lastKnownFileType = file.xib; name = Base; path = Base.lproj/LaunchScreen.xib; sourceTree = "<group>"; };
		9C5F1C511A30063600579731 /* SingletonTests.xctest */ = {isa = PBXFileReference; explicitFileType = wrapper.cfbundle; includeInIndex = 0; path = SingletonTests.xctest; sourceTree = BUILT_PRODUCTS_DIR; };
		9C5F1C561A30063600579731 /* Info.plist */ = {isa = PBXFileReference; lastKnownFileType = text.plist.xml; path = Info.plist; sourceTree = "<group>"; };
		9C5F1C571A30063600579731 /* SingletonTests.m */ = {isa = PBXFileReference; lastKnownFileType = sourcecode.c.objc; path = SingletonTests.m; sourceTree = "<group>"; };
		9C5F1C611A30068400579731 /* MainSingleton.h */ = {isa = PBXFileReference; fileEncoding = 4; lastKnownFileType = sourcecode.c.h; path = MainSingleton.h; sourceTree = "<group>"; };
		9C5F1C621A30068400579731 /* MainSingleton.m */ = {isa = PBXFileReference; fileEncoding = 4; lastKnownFileType = sourcecode.c.objc; path = MainSingleton.m; sourceTree = "<group>"; };
		9C5F1C691A30864B00579731 /* SecondViewController.h */ = {isa = PBXFileReference; fileEncoding = 4; lastKnownFileType = sourcecode.c.h; path = SecondViewController.h; sourceTree = "<group>"; };
		9C5F1C6A1A30864B00579731 /* SecondViewController.m */ = {isa = PBXFileReference; fileEncoding = 4; lastKnownFileType = sourcecode.c.objc; path = SecondViewController.m; sourceTree = "<group>"; };
/* End PBXFileReference section */

/* Begin PBXFrameworksBuildPhase section */
		9C5F1C351A30063600579731 /* Frameworks */ = {
			isa = PBXFrameworksBuildPhase;
			buildActionMask = 2147483647;
			files = (
			);
			runOnlyForDeploymentPostprocessing = 0;
		};
		9C5F1C4E1A30063600579731 /* Frameworks */ = {
			isa = PBXFrameworksBuildPhase;
			buildActionMask = 2147483647;
			files = (
			);
			runOnlyForDeploymentPostprocessing = 0;
		};
/* End PBXFrameworksBuildPhase section */

/* Begin PBXGroup section */
		9C5F1C2F1A30063600579731 = {
			isa = PBXGroup;
			children = (
				9C5F1C3A1A30063600579731 /* Singleton */,
				9C5F1C541A30063600579731 /* SingletonTests */,
				9C5F1C391A30063600579731 /* Products */,
			);
			sourceTree = "<group>";
		};
		9C5F1C391A30063600579731 /* Products */ = {
			isa = PBXGroup;
			children = (
				9C5F1C381A30063600579731 /* Singleton.app */,
				9C5F1C511A30063600579731 /* SingletonTests.xctest */,
			);
			name = Products;
			sourceTree = "<group>";
		};
		9C5F1C3A1A30063600579731 /* Singleton */ = {
			isa = PBXGroup;
			children = (
				9C5F1C681A30861200579731 /* Images */,
				9C5F1C671A3085F600579731 /* User Interface */,
				9C5F1C661A3085E800579731 /* Classes */,
				9C5F1C651A3085CC00579731 /* Controllers */,
				9C5F1C641A3085B000579731 /* Root */,
				9C5F1C3B1A30063600579731 /* Supporting Files */,
			);
			path = Singleton;
			sourceTree = "<group>";
		};
		9C5F1C3B1A30063600579731 /* Supporting Files */ = {
			isa = PBXGroup;
			children = (
				9C5F1C3C1A30063600579731 /* Info.plist */,
				9C5F1C3D1A30063600579731 /* main.m */,
			);
			name = "Supporting Files";
			sourceTree = "<group>";
		};
		9C5F1C541A30063600579731 /* SingletonTests */ = {
			isa = PBXGroup;
			children = (
				9C5F1C571A30063600579731 /* SingletonTests.m */,
				9C5F1C551A30063600579731 /* Supporting Files */,
			);
			path = SingletonTests;
			sourceTree = "<group>";
		};
		9C5F1C551A30063600579731 /* Supporting Files */ = {
			isa = PBXGroup;
			children = (
				9C5F1C561A30063600579731 /* Info.plist */,
			);
			name = "Supporting Files";
			sourceTree = "<group>";
		};
		9C5F1C641A3085B000579731 /* Root */ = {
			isa = PBXGroup;
			children = (
				9C5F1C3F1A30063600579731 /* AppDelegate.h */,
				9C5F1C401A30063600579731 /* AppDelegate.m */,
			);
			name = Root;
			sourceTree = "<group>";
		};
		9C5F1C651A3085CC00579731 /* Controllers */ = {
			isa = PBXGroup;
			children = (
				9C5F1C421A30063600579731 /* ViewController.h */,
				9C5F1C431A30063600579731 /* ViewController.m */,
				9C5F1C691A30864B00579731 /* SecondViewController.h */,
				9C5F1C6A1A30864B00579731 /* SecondViewController.m */,
			);
			name = Controllers;
			sourceTree = "<group>";
		};
		9C5F1C661A3085E800579731 /* Classes */ = {
			isa = PBXGroup;
			children = (
				9C5F1C611A30068400579731 /* MainSingleton.h */,
				9C5F1C621A30068400579731 /* MainSingleton.m */,
			);
			name = Classes;
			sourceTree = "<group>";
		};
		9C5F1C671A3085F600579731 /* User Interface */ = {
			isa = PBXGroup;
			children = (
				9C5F1C451A30063600579731 /* Main.storyboard */,
				9C5F1C4A1A30063600579731 /* LaunchScreen.xib */,
			);
			name = "User Interface";
			sourceTree = "<group>";
		};
		9C5F1C681A30861200579731 /* Images */ = {
			isa = PBXGroup;
			children = (
				9C5F1C481A30063600579731 /* Images.xcassets */,
			);
			name = Images;
			sourceTree = "<group>";
		};
/* End PBXGroup section */

/* Begin PBXNativeTarget section */
		9C5F1C371A30063600579731 /* Singleton */ = {
			isa = PBXNativeTarget;
			buildConfigurationList = 9C5F1C5B1A30063600579731 /* Build configuration list for PBXNativeTarget "Singleton" */;
			buildPhases = (
				9C5F1C341A30063600579731 /* Sources */,
				9C5F1C351A30063600579731 /* Frameworks */,
				9C5F1C361A30063600579731 /* Resources */,
			);
			buildRules = (
			);
			dependencies = (
			);
			name = Singleton;
			productName = Singleton;
			productReference = 9C5F1C381A30063600579731 /* Singleton.app */;
			productType = "com.apple.product-type.application";
		};
		9C5F1C501A30063600579731 /* SingletonTests */ = {
			isa = PBXNativeTarget;
			buildConfigurationList = 9C5F1C5E1A30063600579731 /* Build configuration list for PBXNativeTarget "SingletonTests" */;
			buildPhases = (
				9C5F1C4D1A30063600579731 /* Sources */,
				9C5F1C4E1A30063600579731 /* Frameworks */,
				9C5F1C4F1A30063600579731 /* Resources */,
			);
			buildRules = (
			);
			dependencies = (
				9C5F1C531A30063600579731 /* PBXTargetDependency */,
			);
			name = SingletonTests;
			productName = SingletonTests;
			productReference = 9C5F1C511A30063600579731 /* SingletonTests.xctest */;
			productType = "com.apple.product-type.bundle.unit-test";
		};
/* End PBXNativeTarget section */

/* Begin PBXProject section */
		9C5F1C301A30063600579731 /* Project object */ = {
			isa = PBXProject;
			attributes = {
				LastUpgradeCheck = 0610;
				ORGANIZATIONNAME = "Marcelo Sampaio";
				TargetAttributes = {
					9C5F1C371A30063600579731 = {
						CreatedOnToolsVersion = 6.1.1;
					};
					9C5F1C501A30063600579731 = {
						CreatedOnToolsVersion = 6.1.1;
						TestTargetID = 9C5F1C371A30063600579731;
					};
				};
			};
			buildConfigurationList = 9C5F1C331A30063600579731 /* Build configuration list for PBXProject "Singleton" */;
			compatibilityVersion = "Xcode 3.2";
			developmentRegion = English;
			hasScannedForEncodings = 0;
			knownRegions = (
				en,
				Base,
			);
			mainGroup = 9C5F1C2F1A30063600579731;
			productRefGroup = 9C5F1C391A30063600579731 /* Products */;
			projectDirPath = "";
			projectRoot = "";
			targets = (
				9C5F1C371A30063600579731 /* Singleton */,
				9C5F1C501A30063600579731 /* SingletonTests */,
			);
		};
/* End PBXProject section */

/* Begin PBXResourcesBuildPhase section */
		9C5F1C361A30063600579731 /* Resources */ = {
			isa = PBXResourcesBuildPhase;
			buildActionMask = 2147483647;
			files = (
				9C5F1C471A30063600579731 /* Main.storyboard in Resources */,
				9C5F1C4C1A30063600579731 /* LaunchScreen.xib in Resources */,
				9C5F1C491A30063600579731 /* Images.xcassets in Resources */,
			);
			runOnlyForDeploymentPostprocessing = 0;
		};
		9C5F1C4F1A30063600579731 /* Resources */ = {
			isa = PBXResourcesBuildPhase;
			buildActionMask = 2147483647;
			files = (
			);
			runOnlyForDeploymentPostprocessing = 0;
		};
/* End PBXResourcesBuildPhase section */

/* Begin PBXSourcesBuildPhase section */
		9C5F1C341A30063600579731 /* Sources */ = {
			isa = PBXSourcesBuildPhase;
			buildActionMask = 2147483647;
			files = (
				9C5F1C6B1A30864B00579731 /* SecondViewController.m in Sources */,
				9C5F1C441A30063600579731 /* ViewController.m in Sources */,
				9C5F1C411A30063600579731 /* AppDelegate.m in Sources */,
				9C5F1C631A30068400579731 /* MainSingleton.m in Sources */,
				9C5F1C3E1A30063600579731 /* main.m in Sources */,
			);
			runOnlyForDeploymentPostprocessing = 0;
		};
		9C5F1C4D1A30063600579731 /* Sources */ = {
			isa = PBXSourcesBuildPhase;
			buildActionMask = 2147483647;
			files = (
				9C5F1C581A30063600579731 /* SingletonTests.m in Sources */,
			);
			runOnlyForDeploymentPostprocessing = 0;
		};
/* End PBXSourcesBuildPhase section */

/* Begin PBXTargetDependency section */
		9C5F1C531A30063600579731 /* PBXTargetDependency */ = {
			isa = PBXTargetDependency;
			target = 9C5F1C371A30063600579731 /* Singleton */;
			targetProxy = 9C5F1C521A30063600579731 /* PBXContainerItemProxy */;
		};
/* End PBXTargetDependency section */

/* Begin PBXVariantGroup section */
		9C5F1C451A30063600579731 /* Main.storyboard */ = {
			isa = PBXVariantGroup;
			children = (
				9C5F1C461A30063600579731 /* Base */,
			);
			name = Main.storyboard;
			sourceTree = "<group>";
		};
		9C5F1C4A1A30063600579731 /* LaunchScreen.xib */ = {
			isa = PBXVariantGroup;
			children = (
				9C5F1C4B1A30063600579731 /* Base */,
			);
			name = LaunchScreen.xib;
			sourceTree = "<group>";
		};
/* End PBXVariantGroup section */

/* Begin XCBuildConfiguration section */
		9C5F1C591A30063600579731 /* Debug */ = {
			isa = XCBuildConfiguration;
			buildSettings = {
				ALWAYS_SEARCH_USER_PATHS = NO;
				CLANG_CXX_LANGUAGE_STANDARD = "gnu++0x";
				CLANG_CXX_LIBRARY = "libc++";
				CLANG_ENABLE_MODULES = YES;
				CLANG_ENABLE_OBJC_ARC = YES;
				CLANG_WARN_BOOL_CONVERSION = YES;
				CLANG_WARN_CONSTANT_CONVERSION = YES;
				CLANG_WARN_DIRECT_OBJC_ISA_USAGE = YES_ERROR;
				CLANG_WARN_EMPTY_BODY = YES;
				CLANG_WARN_ENUM_CONVERSION = YES;
				CLANG_WARN_INT_CONVERSION = YES;
				CLANG_WARN_OBJC_ROOT_CLASS = YES_ERROR;
				CLANG_WARN_UNREACHABLE_CODE = YES;
				CLANG_WARN__DUPLICATE_METHOD_MATCH = YES;
				"CODE_SIGN_IDENTITY[sdk=iphoneos*]" = "iPhone Developer";
				COPY_PHASE_STRIP = NO;
				ENABLE_STRICT_OBJC_MSGSEND = YES;
				GCC_C_LANGUAGE_STANDARD = gnu99;
				GCC_DYNAMIC_NO_PIC = NO;
				GCC_OPTIMIZATION_LEVEL = 0;
				GCC_PREPROCESSOR_DEFINITIONS = (
					"DEBUG=1",
					"$(inherited)",
				);
				GCC_SYMBOLS_PRIVATE_EXTERN = NO;
				GCC_WARN_64_TO_32_BIT_CONVERSION = YES;
				GCC_WARN_ABOUT_RETURN_TYPE = YES_ERROR;
				GCC_WARN_UNDECLARED_SELECTOR = YES;
				GCC_WARN_UNINITIALIZED_AUTOS = YES_AGGRESSIVE;
				GCC_WARN_UNUSED_FUNCTION = YES;
				GCC_WARN_UNUSED_VARIABLE = YES;
				IPHONEOS_DEPLOYMENT_TARGET = 8.1;
				MTL_ENABLE_DEBUG_INFO = YES;
				ONLY_ACTIVE_ARCH = YES;
				SDKROOT = iphoneos;
			};
			name = Debug;
		};
		9C5F1C5A1A30063600579731 /* Release */ = {
			isa = XCBuildConfiguration;
			buildSettings = {
				ALWAYS_SEARCH_USER_PATHS = NO;
				CLANG_CXX_LANGUAGE_STANDARD = "gnu++0x";
				CLANG_CXX_LIBRARY = "libc++";
				CLANG_ENABLE_MODULES = YES;
				CLANG_ENABLE_OBJC_ARC = YES;
				CLANG_WARN_BOOL_CONVERSION = YES;
				CLANG_WARN_CONSTANT_CONVERSION = YES;
				CLANG_WARN_DIRECT_OBJC_ISA_USAGE = YES_ERROR;
				CLANG_WARN_EMPTY_BODY = YES;
				CLANG_WARN_ENUM_CONVERSION = YES;
				CLANG_WARN_INT_CONVERSION = YES;
				CLANG_WARN_OBJC_ROOT_CLASS = YES_ERROR;
				CLANG_WARN_UNREACHABLE_CODE = YES;
				CLANG_WARN__DUPLICATE_METHOD_MATCH = YES;
				"CODE_SIGN_IDENTITY[sdk=iphoneos*]" = "iPhone Developer";
				COPY_PHASE_STRIP = YES;
				ENABLE_NS_ASSERTIONS = NO;
				ENABLE_STRICT_OBJC_MSGSEND = YES;
				GCC_C_LANGUAGE_STANDARD = gnu99;
				GCC_WARN_64_TO_32_BIT_CONVERSION = YES;
				GCC_WARN_ABOUT_RETURN_TYPE = YES_ERROR;
				GCC_WARN_UNDECLARED_SELECTOR = YES;
				GCC_WARN_UNINITIALIZED_AUTOS = YES_AGGRESSIVE;
				GCC_WARN_UNUSED_FUNCTION = YES;
				GCC_WARN_UNUSED_VARIABLE = YES;
				IPHONEOS_DEPLOYMENT_TARGET = 8.1;
				MTL_ENABLE_DEBUG_INFO = NO;
				SDKROOT = iphoneos;
				VALIDATE_PRODUCT = YES;
			};
			name = Release;
		};
		9C5F1C5C1A30063600579731 /* Debug */ = {
			isa = XCBuildConfiguration;
			buildSettings = {
				ASSETCATALOG_COMPILER_APPICON_NAME = AppIcon;
				INFOPLIST_FILE = Singleton/Info.plist;
				LD_RUNPATH_SEARCH_PATHS = "$(inherited) @executable_path/Frameworks";
				PRODUCT_NAME = "$(TARGET_NAME)";
			};
			name = Debug;
		};
		9C5F1C5D1A30063600579731 /* Release */ = {
			isa = XCBuildConfiguration;
			buildSettings = {
				ASSETCATALOG_COMPILER_APPICON_NAME = AppIcon;
				INFOPLIST_FILE = Singleton/Info.plist;
				LD_RUNPATH_SEARCH_PATHS = "$(inherited) @executable_path/Frameworks";
				PRODUCT_NAME = "$(TARGET_NAME)";
			};
			name = Release;
		};
		9C5F1C5F1A30063600579731 /* Debug */ = {
			isa = XCBuildConfiguration;
			buildSettings = {
				BUNDLE_LOADER = "$(TEST_HOST)";
				FRAMEWORK_SEARCH_PATHS = (
					"$(SDKROOT)/Developer/Library/Frameworks",
					"$(inherited)",
				);
				GCC_PREPROCESSOR_DEFINITIONS = (
					"DEBUG=1",
					"$(inherited)",
				);
				INFOPLIST_FILE = SingletonTests/Info.plist;
				LD_RUNPATH_SEARCH_PATHS = "$(inherited) @executable_path/Frameworks @loader_path/Frameworks";
				PRODUCT_NAME = "$(TARGET_NAME)";
				TEST_HOST = "$(BUILT_PRODUCTS_DIR)/Singleton.app/Singleton";
			};
			name = Debug;
		};
		9C5F1C601A30063600579731 /* Release */ = {
			isa = XCBuildConfiguration;
			buildSettings = {
				BUNDLE_LOADER = "$(TEST_HOST)";
				FRAMEWORK_SEARCH_PATHS = (
					"$(SDKROOT)/Developer/Library/Frameworks",
					"$(inherited)",
				);
				INFOPLIST_FILE = SingletonTests/Info.plist;
				LD_RUNPATH_SEARCH_PATHS = "$(inherited) @executable_path/Frameworks @loader_path/Frameworks";
				PRODUCT_NAME = "$(TARGET_NAME)";
				TEST_HOST = "$(BUILT_PRODUCTS_DIR)/Singleton.app/Singleton";
			};
			name = Release;
		};
/* End XCBuildConfiguration section */

/* Begin XCConfigurationList section */
		9C5F1C331A30063600579731 /* Build configuration list for PBXProject "Singleton" */ = {
			isa = XCConfigurationList;
			buildConfigurations = (
				9C5F1C591A30063600579731 /* Debug */,
				9C5F1C5A1A30063600579731 /* Release */,
			);
			defaultConfigurationIsVisible = 0;
			defaultConfigurationName = Release;
		};
		9C5F1C5B1A30063600579731 /* Build configuration list for PBXNativeTarget "Singleton" */ = {
			isa = XCConfigurationList;
			buildConfigurations = (
				9C5F1C5C1A30063600579731 /* Debug */,
				9C5F1C5D1A30063600579731 /* Release */,
			);
			defaultConfigurationIsVisible = 0;
		};
		9C5F1C5E1A30063600579731 /* Build configuration list for PBXNativeTarget "SingletonTests" */ = {
			isa = XCConfigurationList;
			buildConfigurations = (
				9C5F1C5F1A30063600579731 /* Debug */,
				9C5F1C601A30063600579731 /* Release */,
			);
			defaultConfigurationIsVisible = 0;
		};
/* End XCConfigurationList section */
	};
	rootObject = 9C5F1C301A30063600579731 /* Project object */;
}
